
Microsoft Visual Studio Solution File, Format Version 12.00
# Visual Studio Version 16
VisualStudioVersion = 16.0.29806.167
MinimumVisualStudioVersion = 10.0.40219.1
Project("{FAE04EC0-301F-11D3-BF4B-00C04F79EFBC}") = "notepad", "notepad.csproj", "{44B5850E-DE94-4FA0-87E0-6E9197D15911}"
EndProject
Global
	GlobalSection(SolutionConfigurationPlatforms) = preSolution
		Debug|Any CPU = Debug|Any CPU
		Release|Any CPU = Release|Any CPU
	EndGlobalSection
	GlobalSection(ProjectConfigurationPlatforms) = postSolution
		{44B5850E-DE94-4FA0-87E0-6E9197D15911}.Debug|Any CPU.ActiveCfg = Debug|Any CPU
		{44B5850E-DE94-4FA0-87E0-6E9197D15911}.Debug|Any CPU.Build.0 = Debug|Any CPU
		{44B5850E-DE94-4FA0-87E0-6E9197D15911}.Release|Any CPU.ActiveCfg = Release|Any CPU
		{44B5850E-DE94-4FA0-87E0-6E9197D15911}.Release|Any CPU.Build.0 = Release|Any CPU
	EndGlobalSection
	GlobalSection(SolutionProperties) = preSolution
		HideSolutionNode = FALSE
	EndGlobalSection
	GlobalSection(ExtensibilityGlobals) = postSolution
		SolutionGuid = {A8E4BA45-7A25-40FD-B683-E8647CD10FB9}
	EndGlobalSection
EndGlobal
